
Microsoft Visual Studio Solution File, Format Version 12.00
# Visual Studio Version 17
VisualStudioVersion = 17.10.35027.167
MinimumVisualStudioVersion = 10.0.40219.1
Project("{FAE04EC0-301F-11D3-BF4B-00C04F79EFBC}") = "LeetCodePractice", "LeetCodePractice.csproj", "{A407C8A0-363E-4286-B3D9-E070DB247C43}"
EndProject
Project("{FAE04EC0-301F-11D3-BF4B-00C04F79EFBC}") = "LeetCodeTest", "..\LeetCodeTest\LeetCodeTest.csproj", "{B29F02C7-E330-4F53-ABCB-988040A42CAE}"
EndProject
Global
	GlobalSection(SolutionConfigurationPlatforms) = preSolution
		Debug|Any CPU = Debug|Any CPU
		Release|Any CPU = Release|Any CPU
	EndGlobalSection
	GlobalSection(ProjectConfigurationPlatforms) = postSolution
		{A407C8A0-363E-4286-B3D9-E070DB247C43}.Debug|Any CPU.ActiveCfg = Debug|Any CPU
		{A407C8A0-363E-4286-B3D9-E070DB247C43}.Debug|Any CPU.Build.0 = Debug|Any CPU
		{A407C8A0-363E-4286-B3D9-E070DB247C43}.Release|Any CPU.ActiveCfg = Release|Any CPU
		{A407C8A0-363E-4286-B3D9-E070DB247C43}.Release|Any CPU.Build.0 = Release|Any CPU
		{B29F02C7-E330-4F53-ABCB-988040A42CAE}.Debug|Any CPU.ActiveCfg = Debug|Any CPU
		{B29F02C7-E330-4F53-ABCB-988040A42CAE}.Debug|Any CPU.Build.0 = Debug|Any CPU
		{B29F02C7-E330-4F53-ABCB-988040A42CAE}.Release|Any CPU.ActiveCfg = Release|Any CPU
		{B29F02C7-E330-4F53-ABCB-988040A42CAE}.Release|Any CPU.Build.0 = Release|Any CPU
	EndGlobalSection
	GlobalSection(SolutionProperties) = preSolution
		HideSolutionNode = FALSE
	EndGlobalSection
	GlobalSection(ExtensibilityGlobals) = postSolution
		SolutionGuid = {F3A135A2-D92B-4FEB-93A3-5CF417525EB8}
	EndGlobalSection
EndGlobal
